<Solution>
  <Folder Name="/src/">
    <Project Path="src/ShamirSecretSharing.Console/ShamirSecretSharing.Console.csproj" />
    <Project Path="src/ShamirSecretSharing.Core.Tests/ShamirSecretSharing.Core.Tests.csproj" />
    <Project Path="src/ShamirSecretSharing.Core/ShamirSecretSharing.Core.csproj" />
  </Folder>
</Solution>
